
Microsoft Visual Studio Solution File, Format Version 12.00
# Visual Studio Version 16
VisualStudioVersion = 16.0.31229.75
MinimumVisualStudioVersion = 10.0.40219.1
Project("{9A19103F-16F7-4668-BE54-9A1E7A4F7556}") = "SeleniumFixture", "SeleniumFixture\SeleniumFixture.csproj", "{889C1884-E77A-4FF3-A55D-30BCE399FAE2}"
EndProject
Project("{9A19103F-16F7-4668-BE54-9A1E7A4F7556}") = "SeleniumFixtureTest", "SeleniumFixtureTest\SeleniumFixtureTest.csproj", "{E6FDC431-AB89-42E0-A338-C1B32D931E03}"
EndProject
Project("{9A19103F-16F7-4668-BE54-9A1E7A4F7556}") = "SeleniumFixtureTestSite", "SeleniumFixtureTestSite\SeleniumFixtureTestSite.csproj", "{04B6ACD9-F7E4-448F-87F5-CD4D4BBFDE51}"
EndProject
Global
	GlobalSection(SolutionConfigurationPlatforms) = preSolution
		Debug|Any CPU = Debug|Any CPU
		Release|Any CPU = Release|Any CPU
	EndGlobalSection
	GlobalSection(ProjectConfigurationPlatforms) = postSolution
		{889C1884-E77A-4FF3-A55D-30BCE399FAE2}.Debug|Any CPU.ActiveCfg = Debug|Any CPU
		{889C1884-E77A-4FF3-A55D-30BCE399FAE2}.Debug|Any CPU.Build.0 = Debug|Any CPU
		{889C1884-E77A-4FF3-A55D-30BCE399FAE2}.Release|Any CPU.ActiveCfg = Release|Any CPU
		{889C1884-E77A-4FF3-A55D-30BCE399FAE2}.Release|Any CPU.Build.0 = Release|Any CPU
		{E6FDC431-AB89-42E0-A338-C1B32D931E03}.Debug|Any CPU.ActiveCfg = Debug|Any CPU
		{E6FDC431-AB89-42E0-A338-C1B32D931E03}.Debug|Any CPU.Build.0 = Debug|Any CPU
		{E6FDC431-AB89-42E0-A338-C1B32D931E03}.Release|Any CPU.ActiveCfg = Release|Any CPU
		{E6FDC431-AB89-42E0-A338-C1B32D931E03}.Release|Any CPU.Build.0 = Release|Any CPU
		{04B6ACD9-F7E4-448F-87F5-CD4D4BBFDE51}.Debug|Any CPU.ActiveCfg = Debug|Any CPU
		{04B6ACD9-F7E4-448F-87F5-CD4D4BBFDE51}.Debug|Any CPU.Build.0 = Debug|Any CPU
		{04B6ACD9-F7E4-448F-87F5-CD4D4BBFDE51}.Release|Any CPU.ActiveCfg = Release|Any CPU
		{04B6ACD9-F7E4-448F-87F5-CD4D4BBFDE51}.Release|Any CPU.Build.0 = Release|Any CPU
	EndGlobalSection
	GlobalSection(SolutionProperties) = preSolution
		HideSolutionNode = FALSE
	EndGlobalSection
	GlobalSection(ExtensibilityGlobals) = postSolution
		SolutionGuid = {4EBC106C-FE41-4226-8E00-68DA80C4141B}
	EndGlobalSection
EndGlobal
